
Microsoft Visual Studio Solution File, Format Version 12.00
# Visual Studio Version 17
VisualStudioVersion = 17.5.33530.505
MinimumVisualStudioVersion = 10.0.40219.1
Project("{9A19103F-16F7-4668-BE54-9A1E7A4F7556}") = "RoadReady", "RoadReady\RoadReady.csproj", "{1B5422D2-37F6-47BC-AC38-42107CC08164}"
EndProject
Global
	GlobalSection(SolutionConfigurationPlatforms) = preSolution
		Debug|Any CPU = Debug|Any CPU
		Release|Any CPU = Release|Any CPU
	EndGlobalSection
	GlobalSection(ProjectConfigurationPlatforms) = postSolution
		{1B5422D2-37F6-47BC-AC38-42107CC08164}.Debug|Any CPU.ActiveCfg = Debug|Any CPU
		{1B5422D2-37F6-47BC-AC38-42107CC08164}.Debug|Any CPU.Build.0 = Debug|Any CPU
		{1B5422D2-37F6-47BC-AC38-42107CC08164}.Release|Any CPU.ActiveCfg = Release|Any CPU
		{1B5422D2-37F6-47BC-AC38-42107CC08164}.Release|Any CPU.Build.0 = Release|Any CPU
	EndGlobalSection
	GlobalSection(SolutionProperties) = preSolution
		HideSolutionNode = FALSE
	EndGlobalSection
	GlobalSection(ExtensibilityGlobals) = postSolution
		SolutionGuid = {06A4752A-3E4C-41FC-95FA-83B11F98E186}
	EndGlobalSection
EndGlobal
